
Microsoft Visual Studio Solution File, Format Version 12.00
# Visual Studio Version 16
VisualStudioVersion = 16.0.29519.87
MinimumVisualStudioVersion = 10.0.40219.1
Project("{FAE04EC0-301F-11D3-BF4B-00C04F79EFBC}") = "BarDoDG", "BarDoDG\BarDoDG.csproj", "{C823D12A-6087-4398-9B6D-9F17E37A28BF}"
EndProject
Global
	GlobalSection(SolutionConfigurationPlatforms) = preSolution
		Debug|Any CPU = Debug|Any CPU
		Release|Any CPU = Release|Any CPU
	EndGlobalSection
	GlobalSection(ProjectConfigurationPlatforms) = postSolution
		{C823D12A-6087-4398-9B6D-9F17E37A28BF}.Debug|Any CPU.ActiveCfg = Debug|Any CPU
		{C823D12A-6087-4398-9B6D-9F17E37A28BF}.Debug|Any CPU.Build.0 = Debug|Any CPU
		{C823D12A-6087-4398-9B6D-9F17E37A28BF}.Release|Any CPU.ActiveCfg = Release|Any CPU
		{C823D12A-6087-4398-9B6D-9F17E37A28BF}.Release|Any CPU.Build.0 = Release|Any CPU
	EndGlobalSection
	GlobalSection(SolutionProperties) = preSolution
		HideSolutionNode = FALSE
	EndGlobalSection
	GlobalSection(ExtensibilityGlobals) = postSolution
		SolutionGuid = {8469FEC8-0489-4995-B47E-159858BF90A0}
	EndGlobalSection
EndGlobal
